
Microsoft Visual Studio Solution File, Format Version 12.00
# Visual Studio Version 16
VisualStudioVersion = 16.0.30717.126
MinimumVisualStudioVersion = 10.0.40219.1
Project("{8BC9CEB8-8B4A-11D0-8D11-00A0C91BC942}") = "B+Tree", "B+Tree\B+Tree.vcxproj", "{E7E8778D-A737-4C07-886B-2E77479D589A}"
EndProject
Global
	GlobalSection(SolutionConfigurationPlatforms) = preSolution
		Debug|x64 = Debug|x64
		Debug|x86 = Debug|x86
		Release|x64 = Release|x64
		Release|x86 = Release|x86
	EndGlobalSection
	GlobalSection(ProjectConfigurationPlatforms) = postSolution
		{E7E8778D-A737-4C07-886B-2E77479D589A}.Debug|x64.ActiveCfg = Debug|x64
		{E7E8778D-A737-4C07-886B-2E77479D589A}.Debug|x64.Build.0 = Debug|x64
		{E7E8778D-A737-4C07-886B-2E77479D589A}.Debug|x86.ActiveCfg = Debug|Win32
		{E7E8778D-A737-4C07-886B-2E77479D589A}.Debug|x86.Build.0 = Debug|Win32
		{E7E8778D-A737-4C07-886B-2E77479D589A}.Release|x64.ActiveCfg = Release|x64
		{E7E8778D-A737-4C07-886B-2E77479D589A}.Release|x64.Build.0 = Release|x64
		{E7E8778D-A737-4C07-886B-2E77479D589A}.Release|x86.ActiveCfg = Release|Win32
		{E7E8778D-A737-4C07-886B-2E77479D589A}.Release|x86.Build.0 = Release|Win32
	EndGlobalSection
	GlobalSection(SolutionProperties) = preSolution
		HideSolutionNode = FALSE
	EndGlobalSection
	GlobalSection(ExtensibilityGlobals) = postSolution
		SolutionGuid = {8C29C781-9C25-497E-B8F2-FACF059B12FC}
	EndGlobalSection
EndGlobal
